// !$*UTF8*$!
{
	archiveVersion = 1;
	classes = {
	};
	objectVersion = 56;
	objects = {

/* Begin PBXBuildFile section */
		019D421B11FE48B2ADC2AA7C /* PortfolioViewModel.swift in Sources */ = {isa = PBXBuildFile; fileRef = 5CEB9B50B9B24EFB963C8C19 /* PortfolioViewModel.swift */; };
		1392C694FBF74DC998DEC368 /* TransactionListView.swift in Sources */ = {isa = PBXBuildFile; fileRef = 1D1C449F017A46B0BD8E45FF /* TransactionListView.swift */; };
		1550130659BC4474AD6E5A28 /* Transaction.swift in Sources */ = {isa = PBXBuildFile; fileRef = 8B34C3377632443781BE3089 /* Transaction.swift */; };
		3A0CEEF24B614746BCA0CD3C /* LoadingView.swift in Sources */ = {isa = PBXBuildFile; fileRef = 7864C2CAA8E24E098B2B312B /* LoadingView.swift */; };
		442E0CB9FCC44742B70A8F40 /* NomosApp.swift in Sources */ = {isa = PBXBuildFile; fileRef = 54C679932C534D7C95AE5509 /* NomosApp.swift */; };
		5DA01DF82482413C9C58974F /* NomosAppTests.swift in Sources */ = {isa = PBXBuildFile; fileRef = 047271BCA8D7407085EB4C9D /* NomosAppTests.swift */; };
		684B2F8D127643A6BFA6D009 /* APIClient.swift in Sources */ = {isa = PBXBuildFile; fileRef = A82C182EA83D4B36BF6A6634 /* APIClient.swift */; };
		779EC95DACCC45B7A2E97919 /* PriceChangeLabel.swift in Sources */ = {isa = PBXBuildFile; fileRef = 7A0DC0149EE245BDABBA312C /* PriceChangeLabel.swift */; };
		84F399ED74AD4812A5988DE4 /* Holding.swift in Sources */ = {isa = PBXBuildFile; fileRef = 0B5B533CDDFC4C2081F0BA91 /* Holding.swift */; };
		9798EDF6771647B491A8AEEA /* HoldingsView.swift in Sources */ = {isa = PBXBuildFile; fileRef = 89FF7CA7E6674B4E9E9A76E6 /* HoldingsView.swift */; };
		A93AB9D284E2481C96BD41CE /* HoldingDetailView.swift in Sources */ = {isa = PBXBuildFile; fileRef = CDD12C7374FC40B2A84A1393 /* HoldingDetailView.swift */; };
		A9595BDCA21E4C39A85F746B /* APIEndpoints.swift in Sources */ = {isa = PBXBuildFile; fileRef = 04711879F3FD4CCEBBBEE668 /* APIEndpoints.swift */; };
		AA6F12DAD6714F079C221587 /* AddTransactionView.swift in Sources */ = {isa = PBXBuildFile; fileRef = AB3C44DF066242B6B79B413D /* AddTransactionView.swift */; };
		B1A0E10000000000000000A1 /* PortfolioAnalysis.swift in Sources */ = {isa = PBXBuildFile; fileRef = B1A0E10000000000000000A2 /* PortfolioAnalysis.swift */; };
		B1A0E10000000000000000A3 /* NewsArticle.swift in Sources */ = {isa = PBXBuildFile; fileRef = B1A0E10000000000000000A4 /* NewsArticle.swift */; };
		B1A0E10000000000000000A5 /* NewsView.swift in Sources */ = {isa = PBXBuildFile; fileRef = B1A0E10000000000000000A6 /* NewsView.swift */; };
		B1A0E10000000000000000A7 /* NewsViewModel.swift in Sources */ = {isa = PBXBuildFile; fileRef = B1A0E10000000000000000A8 /* NewsViewModel.swift */; };
		B1A0E10000000000000000B1 /* AnalysisView.swift in Sources */ = {isa = PBXBuildFile; fileRef = B1A0E10000000000000000B2 /* AnalysisView.swift */; };
		B1A0E10000000000000000B3 /* AnalysisViewModel.swift in Sources */ = {isa = PBXBuildFile; fileRef = B1A0E10000000000000000B4 /* AnalysisViewModel.swift */; };
		B1A0E10000000000000000B5 /* AppTabBar.swift in Sources */ = {isa = PBXBuildFile; fileRef = B1A0E10000000000000000B6 /* AppTabBar.swift */; };
		B1A0E10000000000000000B7 /* Color+Theme.swift in Sources */ = {isa = PBXBuildFile; fileRef = B1A0E10000000000000000B8 /* Color+Theme.swift */; };
		B1A0E10000000000000000B9 /* Font+Theme.swift in Sources */ = {isa = PBXBuildFile; fileRef = B1A0E10000000000000000BA /* Font+Theme.swift */; };
		B1A0E10000000000000000BB /* GlassCard.swift in Sources */ = {isa = PBXBuildFile; fileRef = B1A0E10000000000000000BC /* GlassCard.swift */; };
		B1A0E10000000000000000D1 /* DotGridBackground.swift in Sources */ = {isa = PBXBuildFile; fileRef = B1A0E10000000000000000D2 /* DotGridBackground.swift */; };
		B1A0E10000000000000000D3 /* Theme.swift in Sources */ = {isa = PBXBuildFile; fileRef = B1A0E10000000000000000D4 /* Theme.swift */; };
		B1A0E10000000000000000D5 /* SettingsView.swift in Sources */ = {isa = PBXBuildFile; fileRef = B1A0E10000000000000000D6 /* SettingsView.swift */; };
		C031D2EBC97F4BA88F79AEA2 /* ContentView.swift in Sources */ = {isa = PBXBuildFile; fileRef = 5A6293D875B44BF6892364CC /* ContentView.swift */; };
		CF9E2139B17C45D48DF39BFA /* Assets.xcassets in Resources */ = {isa = PBXBuildFile; fileRef = DBBD0DE1565D44FBB6870A8F /* Assets.xcassets */; };
		DF765A58BA294331B9EDDB3F /* DashboardView.swift in Sources */ = {isa = PBXBuildFile; fileRef = 3B4984779F064D0DA2F8A1F5 /* DashboardView.swift */; };
		DF92ED271D9F46EB82613481 /* MarketQuote.swift in Sources */ = {isa = PBXBuildFile; fileRef = 43DAAFB6E71B4994A42BA147 /* MarketQuote.swift */; };
		E69591CF1F684C198B175357 /* Portfolio.swift in Sources */ = {isa = PBXBuildFile; fileRef = 4F259CE54A364FBE80005AB3 /* Portfolio.swift */; };
		ECBB636087554FF097AFD962 /* AddHoldingView.swift in Sources */ = {isa = PBXBuildFile; fileRef = BFA6FFFB82394E79981B4038 /* AddHoldingView.swift */; };
/* End PBXBuildFile section */

/* Begin PBXFileReference section */
		04711879F3FD4CCEBBBEE668 /* APIEndpoints.swift */ = {isa = PBXFileReference; lastKnownFileType = sourcecode.swift; path = APIEndpoints.swift; sourceTree = "<group>"; };
		047271BCA8D7407085EB4C9D /* NomosAppTests.swift */ = {isa = PBXFileReference; lastKnownFileType = sourcecode.swift; name = NomosAppTests.swift; path = ../NomosAppTests.swift; sourceTree = "<group>"; };
		0B5B533CDDFC4C2081F0BA91 /* Holding.swift */ = {isa = PBXFileReference; lastKnownFileType = sourcecode.swift; path = Holding.swift; sourceTree = "<group>"; };
		1D1C449F017A46B0BD8E45FF /* TransactionListView.swift */ = {isa = PBXFileReference; lastKnownFileType = sourcecode.swift; path = TransactionListView.swift; sourceTree = "<group>"; };
		3B4984779F064D0DA2F8A1F5 /* DashboardView.swift */ = {isa = PBXFileReference; lastKnownFileType = sourcecode.swift; path = DashboardView.swift; sourceTree = "<group>"; };
		43DAAFB6E71B4994A42BA147 /* MarketQuote.swift */ = {isa = PBXFileReference; lastKnownFileType = sourcecode.swift; path = MarketQuote.swift; sourceTree = "<group>"; };
		4F259CE54A364FBE80005AB3 /* Portfolio.swift */ = {isa = PBXFileReference; lastKnownFileType = sourcecode.swift; path = Portfolio.swift; sourceTree = "<group>"; };
		53BCD119314541DFAE33967B /* NomosApp.app */ = {isa = PBXFileReference; explicitFileType = wrapper.application; includeInIndex = 0; path = NomosApp.app; sourceTree = BUILT_PRODUCTS_DIR; };
		54C679932C534D7C95AE5509 /* NomosApp.swift */ = {isa = PBXFileReference; lastKnownFileType = sourcecode.swift; path = NomosApp.swift; sourceTree = "<group>"; };
		5A6293D875B44BF6892364CC /* ContentView.swift */ = {isa = PBXFileReference; lastKnownFileType = sourcecode.swift; path = ContentView.swift; sourceTree = "<group>"; };
		5CEB9B50B9B24EFB963C8C19 /* PortfolioViewModel.swift */ = {isa = PBXFileReference; lastKnownFileType = sourcecode.swift; path = PortfolioViewModel.swift; sourceTree = "<group>"; };
		7864C2CAA8E24E098B2B312B /* LoadingView.swift */ = {isa = PBXFileReference; lastKnownFileType = sourcecode.swift; path = LoadingView.swift; sourceTree = "<group>"; };
		7A0DC0149EE245BDABBA312C /* PriceChangeLabel.swift */ = {isa = PBXFileReference; lastKnownFileType = sourcecode.swift; path = PriceChangeLabel.swift; sourceTree = "<group>"; };
		89538CC2025A40DF8E1D2B0B /* NomosAppTests.xctest */ = {isa = PBXFileReference; explicitFileType = wrapper.cfbundle; includeInIndex = 0; path = NomosAppTests.xctest; sourceTree = BUILT_PRODUCTS_DIR; };
		89FF7CA7E6674B4E9E9A76E6 /* HoldingsView.swift */ = {isa = PBXFileReference; lastKnownFileType = sourcecode.swift; path = HoldingsView.swift; sourceTree = "<group>"; };
		8B34C3377632443781BE3089 /* Transaction.swift */ = {isa = PBXFileReference; lastKnownFileType = sourcecode.swift; path = Transaction.swift; sourceTree = "<group>"; };
		A82C182EA83D4B36BF6A6634 /* APIClient.swift */ = {isa = PBXFileReference; lastKnownFileType = sourcecode.swift; path = APIClient.swift; sourceTree = "<group>"; };
		AB3C44DF066242B6B79B413D /* AddTransactionView.swift */ = {isa = PBXFileReference; lastKnownFileType = sourcecode.swift; path = AddTransactionView.swift; sourceTree = "<group>"; };
		B1A0E10000000000000000A2 /* PortfolioAnalysis.swift */ = {isa = PBXFileReference; lastKnownFileType = sourcecode.swift; path = PortfolioAnalysis.swift; sourceTree = "<group>"; };
		B1A0E10000000000000000A4 /* NewsArticle.swift */ = {isa = PBXFileReference; lastKnownFileType = sourcecode.swift; path = NewsArticle.swift; sourceTree = "<group>"; };
		B1A0E10000000000000000A6 /* NewsView.swift */ = {isa = PBXFileReference; lastKnownFileType = sourcecode.swift; path = NewsView.swift; sourceTree = "<group>"; };
		B1A0E10000000000000000A8 /* NewsViewModel.swift */ = {isa = PBXFileReference; lastKnownFileType = sourcecode.swift; path = NewsViewModel.swift; sourceTree = "<group>"; };
		B1A0E10000000000000000B2 /* AnalysisView.swift */ = {isa = PBXFileReference; lastKnownFileType = sourcecode.swift; path = AnalysisView.swift; sourceTree = "<group>"; };
		B1A0E10000000000000000B4 /* AnalysisViewModel.swift */ = {isa = PBXFileReference; lastKnownFileType = sourcecode.swift; path = AnalysisViewModel.swift; sourceTree = "<group>"; };
		B1A0E10000000000000000B6 /* AppTabBar.swift */ = {isa = PBXFileReference; lastKnownFileType = sourcecode.swift; path = AppTabBar.swift; sourceTree = "<group>"; };
		B1A0E10000000000000000B8 /* Color+Theme.swift */ = {isa = PBXFileReference; lastKnownFileType = sourcecode.swift; path = "Color+Theme.swift"; sourceTree = "<group>"; };
		B1A0E10000000000000000BA /* Font+Theme.swift */ = {isa = PBXFileReference; lastKnownFileType = sourcecode.swift; path = "Font+Theme.swift"; sourceTree = "<group>"; };
		B1A0E10000000000000000BC /* GlassCard.swift */ = {isa = PBXFileReference; lastKnownFileType = sourcecode.swift; path = GlassCard.swift; sourceTree = "<group>"; };
		B1A0E10000000000000000D2 /* DotGridBackground.swift */ = {isa = PBXFileReference; lastKnownFileType = sourcecode.swift; path = DotGridBackground.swift; sourceTree = "<group>"; };
		B1A0E10000000000000000D4 /* Theme.swift */ = {isa = PBXFileReference; lastKnownFileType = sourcecode.swift; path = Theme.swift; sourceTree = "<group>"; };
		B1A0E10000000000000000D6 /* SettingsView.swift */ = {isa = PBXFileReference; lastKnownFileType = sourcecode.swift; path = SettingsView.swift; sourceTree = "<group>"; };
		BFA6FFFB82394E79981B4038 /* AddHoldingView.swift */ = {isa = PBXFileReference; lastKnownFileType = sourcecode.swift; path = AddHoldingView.swift; sourceTree = "<group>"; };
		CDD12C7374FC40B2A84A1393 /* HoldingDetailView.swift */ = {isa = PBXFileReference; lastKnownFileType = sourcecode.swift; path = HoldingDetailView.swift; sourceTree = "<group>"; };
		DBBD0DE1565D44FBB6870A8F /* Assets.xcassets */ = {isa = PBXFileReference; lastKnownFileType = folder.assetcatalog; path = Assets.xcassets; sourceTree = "<group>"; };
/* End PBXFileReference section */

/* Begin PBXFrameworksBuildPhase section */
		09BCF7C7B4A34A9AB70782A5 /* Frameworks */ = {
			isa = PBXFrameworksBuildPhase;
			buildActionMask = 2147483647;
			files = (
			);
			runOnlyForDeploymentPostprocessing = 0;
		};
		B078678812EF43BAA8B5FC68 /* Frameworks */ = {
			isa = PBXFrameworksBuildPhase;
			buildActionMask = 2147483647;
			files = (
			);
			runOnlyForDeploymentPostprocessing = 0;
		};
/* End PBXFrameworksBuildPhase section */

/* Begin PBXGroup section */
		01D3299ECBA5474E9E9F69C5 /* Features */ = {
			isa = PBXGroup;
			children = (
				15C1D29C469A4107869F5CB0 /* Dashboard */,
				66EDA0C8A2E94BD8B6C219C1 /* Holdings */,
				1494CA0D31C14D768B5A4C1E /* Transactions */,
				B1A0E10000000000000000B0 /* News */,
				B1A0E10000000000000000C0 /* Analysis */,
				B1A0E10000000000000000E0 /* Settings */,
			);
			path = Features;
			sourceTree = "<group>";
		};
		0B4C771EE4FA48D7BB16D10A /* Models */ = {
			isa = PBXGroup;
			children = (
				4F259CE54A364FBE80005AB3 /* Portfolio.swift */,
				0B5B533CDDFC4C2081F0BA91 /* Holding.swift */,
				8B34C3377632443781BE3089 /* Transaction.swift */,
				43DAAFB6E71B4994A42BA147 /* MarketQuote.swift */,
				B1A0E10000000000000000A2 /* PortfolioAnalysis.swift */,
				B1A0E10000000000000000A4 /* NewsArticle.swift */,
			);
			path = Models;
			sourceTree = "<group>";
		};
		1494CA0D31C14D768B5A4C1E /* Transactions */ = {
			isa = PBXGroup;
			children = (
				AB3C44DF066242B6B79B413D /* AddTransactionView.swift */,
				1D1C449F017A46B0BD8E45FF /* TransactionListView.swift */,
			);
			path = Transactions;
			sourceTree = "<group>";
		};
		15C1D29C469A4107869F5CB0 /* Dashboard */ = {
			isa = PBXGroup;
			children = (
				3B4984779F064D0DA2F8A1F5 /* DashboardView.swift */,
				5CEB9B50B9B24EFB963C8C19 /* PortfolioViewModel.swift */,
			);
			path = Dashboard;
			sourceTree = "<group>";
		};
		1691B87A029247E4B33E8252 /* Resources */ = {
			isa = PBXGroup;
			children = (
				DBBD0DE1565D44FBB6870A8F /* Assets.xcassets */,
			);
			path = Resources;
			sourceTree = "<group>";
		};
		16EB21062F97E26100D998F1 /* Recovered References */ = {
			isa = PBXGroup;
			children = (
				047271BCA8D7407085EB4C9D /* NomosAppTests.swift */,
			);
			name = "Recovered References";
			sourceTree = "<group>";
		};
		25BB9E4B0F37444A8D75C111 /* Components */ = {
			isa = PBXGroup;
			children = (
				7A0DC0149EE245BDABBA312C /* PriceChangeLabel.swift */,
				7864C2CAA8E24E098B2B312B /* LoadingView.swift */,
			);
			path = Components;
			sourceTree = "<group>";
		};
		49DCC19CFCEA421B9E309A7F /* Shared */ = {
			isa = PBXGroup;
			children = (
				25BB9E4B0F37444A8D75C111 /* Components */,
				B1A0E10000000000000000C1 /* DesignSystem */,
			);
			path = Shared;
			sourceTree = "<group>";
		};
		548CB8E43166489EA7115ECB /* Core */ = {
			isa = PBXGroup;
			children = (
				D0D81EAA37DA47E0B0614EDB /* Network */,
				0B4C771EE4FA48D7BB16D10A /* Models */,
			);
			path = Core;
			sourceTree = "<group>";
		};
		66EDA0C8A2E94BD8B6C219C1 /* Holdings */ = {
			isa = PBXGroup;
			children = (
				89FF7CA7E6674B4E9E9A76E6 /* HoldingsView.swift */,
				BFA6FFFB82394E79981B4038 /* AddHoldingView.swift */,
				CDD12C7374FC40B2A84A1393 /* HoldingDetailView.swift */,
			);
			path = Holdings;
			sourceTree = "<group>";
		};
		721B770490EE4B0A9F75FC18 /* NomosApp */ = {
			isa = PBXGroup;
			children = (
				ABFBD118BF234BC7A3FC808C /* App */,
				548CB8E43166489EA7115ECB /* Core */,
				01D3299ECBA5474E9E9F69C5 /* Features */,
				49DCC19CFCEA421B9E309A7F /* Shared */,
				1691B87A029247E4B33E8252 /* Resources */,
				AAC5CA70966C44EE9BFC90A2 /* Products */,
				16EB21062F97E26100D998F1 /* Recovered References */,
			);
			path = NomosApp;
			sourceTree = "<group>";
		};
		AAC5CA70966C44EE9BFC90A2 /* Products */ = {
			isa = PBXGroup;
			children = (
				53BCD119314541DFAE33967B /* NomosApp.app */,
				89538CC2025A40DF8E1D2B0B /* NomosAppTests.xctest */,
			);
			name = Products;
			sourceTree = "<group>";
		};
		ABFBD118BF234BC7A3FC808C /* App */ = {
			isa = PBXGroup;
			children = (
				54C679932C534D7C95AE5509 /* NomosApp.swift */,
				5A6293D875B44BF6892364CC /* ContentView.swift */,
			);
			path = App;
			sourceTree = "<group>";
		};
		B1A0E10000000000000000B0 /* News */ = {
			isa = PBXGroup;
			children = (
				B1A0E10000000000000000A6 /* NewsView.swift */,
				B1A0E10000000000000000A8 /* NewsViewModel.swift */,
			);
			path = News;
			sourceTree = "<group>";
		};
		B1A0E10000000000000000C0 /* Analysis */ = {
			isa = PBXGroup;
			children = (
				B1A0E10000000000000000B2 /* AnalysisView.swift */,
				B1A0E10000000000000000B4 /* AnalysisViewModel.swift */,
			);
			path = Analysis;
			sourceTree = "<group>";
		};
		B1A0E10000000000000000C1 /* DesignSystem */ = {
			isa = PBXGroup;
			children = (
				B1A0E10000000000000000B6 /* AppTabBar.swift */,
				B1A0E10000000000000000B8 /* Color+Theme.swift */,
				B1A0E10000000000000000BA /* Font+Theme.swift */,
				B1A0E10000000000000000BC /* GlassCard.swift */,
				B1A0E10000000000000000D2 /* DotGridBackground.swift */,
				B1A0E10000000000000000D4 /* Theme.swift */,
			);
			path = DesignSystem;
			sourceTree = "<group>";
		};
		B1A0E10000000000000000E0 /* Settings */ = {
			isa = PBXGroup;
			children = (
				B1A0E10000000000000000D6 /* SettingsView.swift */,
			);
			path = Settings;
			sourceTree = "<group>";
		};
		D0D81EAA37DA47E0B0614EDB /* Network */ = {
			isa = PBXGroup;
			children = (
				A82C182EA83D4B36BF6A6634 /* APIClient.swift */,
				04711879F3FD4CCEBBBEE668 /* APIEndpoints.swift */,
			);
			path = Network;
			sourceTree = "<group>";
		};
/* End PBXGroup section */

/* Begin PBXNativeTarget section */
		11AB716AB22046ED81D17966 /* NomosApp */ = {
			isa = PBXNativeTarget;
			buildConfigurationList = 194423A9224549FEAC2DEA4C /* Build configuration list for PBXNativeTarget "NomosApp" */;
			buildPhases = (
				4F906F74569743D3BDEBFEF1 /* Sources */,
				AFBA63F52EB44CC9974AAE99 /* Resources */,
				B078678812EF43BAA8B5FC68 /* Frameworks */,
			);
			buildRules = (
			);
			dependencies = (
			);
			name = NomosApp;
			productName = NomosApp;
			productReference = 53BCD119314541DFAE33967B /* NomosApp.app */;
			productType = "com.apple.product-type.application";
		};
		D2D02EFFE0FD4A5FA5926F02 /* NomosAppTests */ = {
			isa = PBXNativeTarget;
			buildConfigurationList = 18E271704A414BB5AA3E8B56 /* Build configuration list for PBXNativeTarget "NomosAppTests" */;
			buildPhases = (
				6C0626AF5BCC4D028AE06C2E /* Sources */,
				09BCF7C7B4A34A9AB70782A5 /* Frameworks */,
			);
			buildRules = (
			);
			dependencies = (
			);
			name = NomosAppTests;
			productName = NomosAppTests;
			productReference = 89538CC2025A40DF8E1D2B0B /* NomosAppTests.xctest */;
			productType = "com.apple.product-type.bundle.unit-test";
		};
/* End PBXNativeTarget section */

/* Begin PBXProject section */
		83E621FB81924EA5A8DF125E /* Project object */ = {
			isa = PBXProject;
			attributes = {
				LastSwiftUpdateCheck = 1500;
				LastUpgradeCheck = 1500;
				TargetAttributes = {
					11AB716AB22046ED81D17966 = {
						CreatedOnToolsVersion = 15.0;
					};
					D2D02EFFE0FD4A5FA5926F02 = {
						CreatedOnToolsVersion = 15.0;
						TestTargetID = 11AB716AB22046ED81D17966;
					};
				};
			};
			buildConfigurationList = A8F2BA05823B46ECB1B2A6D8 /* Build configuration list for PBXProject "NomosApp" */;
			compatibilityVersion = "Xcode 14.0";
			developmentRegion = en;
			hasScannedForEncodings = 0;
			knownRegions = (
				en,
				Base,
			);
			mainGroup = 721B770490EE4B0A9F75FC18 /* NomosApp */;
			productRefGroup = AAC5CA70966C44EE9BFC90A2 /* Products */;
			projectDirPath = "";
			projectRoot = "";
			targets = (
				11AB716AB22046ED81D17966 /* NomosApp */,
				D2D02EFFE0FD4A5FA5926F02 /* NomosAppTests */,
			);
		};
/* End PBXProject section */

/* Begin PBXResourcesBuildPhase section */
		AFBA63F52EB44CC9974AAE99 /* Resources */ = {
			isa = PBXResourcesBuildPhase;
			buildActionMask = 2147483647;
			files = (
				CF9E2139B17C45D48DF39BFA /* Assets.xcassets in Resources */,
			);
			runOnlyForDeploymentPostprocessing = 0;
		};
/* End PBXResourcesBuildPhase section */

/* Begin PBXSourcesBuildPhase section */
		4F906F74569743D3BDEBFEF1 /* Sources */ = {
			isa = PBXSourcesBuildPhase;
			buildActionMask = 2147483647;
			files = (
				442E0CB9FCC44742B70A8F40 /* NomosApp.swift in Sources */,
				C031D2EBC97F4BA88F79AEA2 /* ContentView.swift in Sources */,
				684B2F8D127643A6BFA6D009 /* APIClient.swift in Sources */,
				A9595BDCA21E4C39A85F746B /* APIEndpoints.swift in Sources */,
				E69591CF1F684C198B175357 /* Portfolio.swift in Sources */,
				84F399ED74AD4812A5988DE4 /* Holding.swift in Sources */,
				1550130659BC4474AD6E5A28 /* Transaction.swift in Sources */,
				DF92ED271D9F46EB82613481 /* MarketQuote.swift in Sources */,
				DF765A58BA294331B9EDDB3F /* DashboardView.swift in Sources */,
				019D421B11FE48B2ADC2AA7C /* PortfolioViewModel.swift in Sources */,
				9798EDF6771647B491A8AEEA /* HoldingsView.swift in Sources */,
				ECBB636087554FF097AFD962 /* AddHoldingView.swift in Sources */,
				A93AB9D284E2481C96BD41CE /* HoldingDetailView.swift in Sources */,
				AA6F12DAD6714F079C221587 /* AddTransactionView.swift in Sources */,
				1392C694FBF74DC998DEC368 /* TransactionListView.swift in Sources */,
				779EC95DACCC45B7A2E97919 /* PriceChangeLabel.swift in Sources */,
				3A0CEEF24B614746BCA0CD3C /* LoadingView.swift in Sources */,
				B1A0E10000000000000000A1 /* PortfolioAnalysis.swift in Sources */,
				B1A0E10000000000000000A3 /* NewsArticle.swift in Sources */,
				B1A0E10000000000000000A5 /* NewsView.swift in Sources */,
				B1A0E10000000000000000A7 /* NewsViewModel.swift in Sources */,
				B1A0E10000000000000000B1 /* AnalysisView.swift in Sources */,
				B1A0E10000000000000000B3 /* AnalysisViewModel.swift in Sources */,
				B1A0E10000000000000000B5 /* AppTabBar.swift in Sources */,
				B1A0E10000000000000000B7 /* Color+Theme.swift in Sources */,
				B1A0E10000000000000000B9 /* Font+Theme.swift in Sources */,
				B1A0E10000000000000000BB /* GlassCard.swift in Sources */,
				B1A0E10000000000000000D1 /* DotGridBackground.swift in Sources */,
				B1A0E10000000000000000D3 /* Theme.swift in Sources */,
				B1A0E10000000000000000D5 /* SettingsView.swift in Sources */,
			);
			runOnlyForDeploymentPostprocessing = 0;
		};
		6C0626AF5BCC4D028AE06C2E /* Sources */ = {
			isa = PBXSourcesBuildPhase;
			buildActionMask = 2147483647;
			files = (
				5DA01DF82482413C9C58974F /* NomosAppTests.swift in Sources */,
			);
			runOnlyForDeploymentPostprocessing = 0;
		};
/* End PBXSourcesBuildPhase section */

/* Begin XCBuildConfiguration section */
		2AE6685FAD804C93B9FCAA65 /* Debug */ = {
			isa = XCBuildConfiguration;
			buildSettings = {
				BUNDLE_IDENTIFIER = com.nomos.app.tests;
				BUNDLE_LOADER = "$(TEST_HOST)";
				IPHONEOS_DEPLOYMENT_TARGET = 17.0;
				PRODUCT_BUNDLE_IDENTIFIER = com.nomos.app.tests;
				PRODUCT_NAME = "$(TARGET_NAME)";
				SDKROOT = iphoneos;
				SWIFT_VERSION = 5.0;
				TARGETED_DEVICE_FAMILY = 1;
				TEST_HOST = "$(BUILT_PRODUCTS_DIR)/NomosApp.app/$(BUNDLE_EXECUTABLE_FOLDER_PATH)/NomosApp";
			};
			name = Debug;
		};
		3D570116E18F48228CEC796F /* Release */ = {
			isa = XCBuildConfiguration;
			buildSettings = {
				BUNDLE_IDENTIFIER = com.nomos.app.tests;
				BUNDLE_LOADER = "$(TEST_HOST)";
				IPHONEOS_DEPLOYMENT_TARGET = 17.0;
				PRODUCT_BUNDLE_IDENTIFIER = com.nomos.app.tests;
				PRODUCT_NAME = "$(TARGET_NAME)";
				SDKROOT = iphoneos;
				SWIFT_VERSION = 5.0;
				TARGETED_DEVICE_FAMILY = 1;
				TEST_HOST = "$(BUILT_PRODUCTS_DIR)/NomosApp.app/$(BUNDLE_EXECUTABLE_FOLDER_PATH)/NomosApp";
			};
			name = Release;
		};
		751F297FC7B040B787059BE3 /* Release */ = {
			isa = XCBuildConfiguration;
			buildSettings = {
				ALWAYS_SEARCH_USER_PATHS = NO;
				CLANG_ENABLE_MODULES = YES;
				IPHONEOS_DEPLOYMENT_TARGET = 17.0;
				SDKROOT = iphoneos;
				SWIFT_VERSION = 5.0;
			};
			name = Release;
		};
		A4C66B65372E4E3389B00E82 /* Release */ = {
			isa = XCBuildConfiguration;
			buildSettings = {
				ASSETCATALOG_COMPILER_APPICON_NAME = AppIcon;
				BUNDLE_IDENTIFIER = com.nomos.app;
				CODE_SIGN_STYLE = Automatic;
				DEVELOPMENT_TEAM = 8R75SLAY5D;
				GENERATE_INFOPLIST_FILE = NO;
				INFOPLIST_FILE = NomosApp/Info.plist;
				INFOPLIST_KEY_NSLocalNetworkUsageDescription = "Nomos connects to your local Nomos development server to sync your portfolio.";
				IPHONEOS_DEPLOYMENT_TARGET = 17.0;
				PRODUCT_BUNDLE_IDENTIFIER = com.nomos.app;
				PRODUCT_BUNDLE_PACKAGE_TYPE = APPL;
				PRODUCT_NAME = "$(TARGET_NAME)";
				SDKROOT = iphoneos;
				SWIFT_OPTIMIZATION_LEVEL = "-Onone";
				SWIFT_VERSION = 5.0;
				TARGETED_DEVICE_FAMILY = 1;
			};
			name = Release;
		};
		CB0C8448D64940A8AF1874C5 /* Debug */ = {
			isa = XCBuildConfiguration;
			buildSettings = {
				ASSETCATALOG_COMPILER_APPICON_NAME = AppIcon;
				BUNDLE_IDENTIFIER = com.nomos.app;
				CODE_SIGN_STYLE = Automatic;
				DEVELOPMENT_TEAM = 8R75SLAY5D;
				GENERATE_INFOPLIST_FILE = NO;
				INFOPLIST_FILE = NomosApp/Info.plist;
				INFOPLIST_KEY_NSLocalNetworkUsageDescription = "Nomos connects to your local Nomos development server to sync your portfolio.";
				IPHONEOS_DEPLOYMENT_TARGET = 17.0;
				PRODUCT_BUNDLE_IDENTIFIER = com.nomos.app;
				PRODUCT_BUNDLE_PACKAGE_TYPE = APPL;
				PRODUCT_NAME = "$(TARGET_NAME)";
				SDKROOT = iphoneos;
				SWIFT_OPTIMIZATION_LEVEL = "-Onone";
				SWIFT_VERSION = 5.0;
				TARGETED_DEVICE_FAMILY = 1;
			};
			name = Debug;
		};
		E3D39EED1B6C49F5819FF895 /* Debug */ = {
			isa = XCBuildConfiguration;
			buildSettings = {
				ALWAYS_SEARCH_USER_PATHS = NO;
				CLANG_ENABLE_MODULES = YES;
				IPHONEOS_DEPLOYMENT_TARGET = 17.0;
				SDKROOT = iphoneos;
				SWIFT_VERSION = 5.0;
			};
			name = Debug;
		};
/* End XCBuildConfiguration section */

/* Begin XCConfigurationList section */
		18E271704A414BB5AA3E8B56 /* Build configuration list for PBXNativeTarget "NomosAppTests" */ = {
			isa = XCConfigurationList;
			buildConfigurations = (
				2AE6685FAD804C93B9FCAA65 /* Debug */,
				3D570116E18F48228CEC796F /* Release */,
			);
			defaultConfigurationIsVisible = 0;
			defaultConfigurationName = Release;
		};
		194423A9224549FEAC2DEA4C /* Build configuration list for PBXNativeTarget "NomosApp" */ = {
			isa = XCConfigurationList;
			buildConfigurations = (
				CB0C8448D64940A8AF1874C5 /* Debug */,
				A4C66B65372E4E3389B00E82 /* Release */,
			);
			defaultConfigurationIsVisible = 0;
			defaultConfigurationName = Release;
		};
		A8F2BA05823B46ECB1B2A6D8 /* Build configuration list for PBXProject "NomosApp" */ = {
			isa = XCConfigurationList;
			buildConfigurations = (
				E3D39EED1B6C49F5819FF895 /* Debug */,
				751F297FC7B040B787059BE3 /* Release */,
			);
			defaultConfigurationIsVisible = 0;
			defaultConfigurationName = Release;
		};
/* End XCConfigurationList section */
	};
	rootObject = 83E621FB81924EA5A8DF125E /* Project object */;
}
